
Microsoft Visual Studio Solution File, Format Version 11.00
# Visual Studio 2010
Project("{FAE04EC0-301F-11D3-BF4B-00C04F79EFBC}") = "TestApplication (Windows)", "TestApplication (Windows)\TestApplication (Windows).csproj", "{F472C811-098E-4032-ADE6-60088FACEAA7}"
	ProjectSection(ProjectDependencies) = postProject
		{0F4CBEA2-D2A8-4AE8-8A42-A6302D036FF8} = {0F4CBEA2-D2A8-4AE8-8A42-A6302D036FF8}
	EndProjectSection
EndProject
Project("{FAE04EC0-301F-11D3-BF4B-00C04F79EFBC}") = "openSourceC.FrameworkLibrary.Core", "openSourceC.FrameworkLibrary.Core\openSourceC.FrameworkLibrary.Core.csproj", "{D5E60952-0F68-4676-A3B5-7BE1E61653E8}"
EndProject
Project("{FAE04EC0-301F-11D3-BF4B-00C04F79EFBC}") = "openSourceC.FrameworkLibrary.Data", "openSourceC.FrameworkLibrary.Data\openSourceC.FrameworkLibrary.Data.csproj", "{0F4CBEA2-D2A8-4AE8-8A42-A6302D036FF8}"
EndProject
Project("{FAE04EC0-301F-11D3-BF4B-00C04F79EFBC}") = "openSourceC.FrameworkLibrary.Design", "openSourceC.FrameworkLibrary.Design\openSourceC.FrameworkLibrary.Design.csproj", "{11BAA767-3C8F-46C8-AD15-EBDDB5F29F24}"
EndProject
Project("{FAE04EC0-301F-11D3-BF4B-00C04F79EFBC}") = "openSourceC.FrameworkLibrary.Web", "openSourceC.FrameworkLibrary.Web\openSourceC.FrameworkLibrary.Web.csproj", "{951A278C-AD4F-42E3-B1BC-C2E56B0D11D2}"
EndProject
Project("{FAE04EC0-301F-11D3-BF4B-00C04F79EFBC}") = "openSourceC.FrameworkLibrary.Windows", "openSourceC.FrameworkLibrary.Windows\openSourceC.FrameworkLibrary.Windows.csproj", "{F8C93288-8276-4366-A165-AB2B8A467EA1}"
EndProject
Global
	GlobalSection(TeamFoundationVersionControl) = preSolution
		SccNumberOfProjects = 7
		SccEnterpriseProvider = {4CA58AB2-18FA-4F8D-95D4-32DDF27D184C}
		SccTeamFoundationServer = https://tfs.codeplex.com/tfs/tfs33
		SccLocalPath0 = .
		SccProjectUniqueName1 = TestApplication\u0020(Windows)\\TestApplication\u0020(Windows).csproj
		SccProjectName1 = TestApplication\u0020(Windows)
		SccLocalPath1 = TestApplication\u0020(Windows)
		SccProjectUniqueName2 = openSourceC.FrameworkLibrary.Core\\openSourceC.FrameworkLibrary.Core.csproj
		SccProjectName2 = openSourceC.FrameworkLibrary.Core
		SccLocalPath2 = openSourceC.FrameworkLibrary.Core
		SccProjectUniqueName3 = openSourceC.FrameworkLibrary.Data\\openSourceC.FrameworkLibrary.Data.csproj
		SccProjectName3 = openSourceC.FrameworkLibrary.Data
		SccLocalPath3 = openSourceC.FrameworkLibrary.Data
		SccProjectUniqueName4 = openSourceC.FrameworkLibrary.Design\\openSourceC.FrameworkLibrary.Design.csproj
		SccProjectName4 = openSourceC.FrameworkLibrary.Design
		SccLocalPath4 = openSourceC.FrameworkLibrary.Design
		SccProjectUniqueName5 = openSourceC.FrameworkLibrary.Web\\openSourceC.FrameworkLibrary.Web.csproj
		SccProjectName5 = openSourceC.FrameworkLibrary.Web
		SccLocalPath5 = openSourceC.FrameworkLibrary.Web
		SccProjectUniqueName6 = openSourceC.FrameworkLibrary.Windows\\openSourceC.FrameworkLibrary.Windows.csproj
		SccProjectName6 = openSourceC.FrameworkLibrary.Windows
		SccLocalPath6 = openSourceC.FrameworkLibrary.Windows
	EndGlobalSection
	GlobalSection(SolutionConfigurationPlatforms) = preSolution
		Debug|Any CPU = Debug|Any CPU
		Release|Any CPU = Release|Any CPU
	EndGlobalSection
	GlobalSection(ProjectConfigurationPlatforms) = postSolution
		{F472C811-098E-4032-ADE6-60088FACEAA7}.Debug|Any CPU.ActiveCfg = Debug|Any CPU
		{F472C811-098E-4032-ADE6-60088FACEAA7}.Debug|Any CPU.Build.0 = Debug|Any CPU
		{F472C811-098E-4032-ADE6-60088FACEAA7}.Release|Any CPU.ActiveCfg = Release|Any CPU
		{F472C811-098E-4032-ADE6-60088FACEAA7}.Release|Any CPU.Build.0 = Release|Any CPU
		{D5E60952-0F68-4676-A3B5-7BE1E61653E8}.Debug|Any CPU.ActiveCfg = Debug|Any CPU
		{D5E60952-0F68-4676-A3B5-7BE1E61653E8}.Debug|Any CPU.Build.0 = Debug|Any CPU
		{D5E60952-0F68-4676-A3B5-7BE1E61653E8}.Release|Any CPU.ActiveCfg = Release|Any CPU
		{D5E60952-0F68-4676-A3B5-7BE1E61653E8}.Release|Any CPU.Build.0 = Release|Any CPU
		{0F4CBEA2-D2A8-4AE8-8A42-A6302D036FF8}.Debug|Any CPU.ActiveCfg = Debug|Any CPU
		{0F4CBEA2-D2A8-4AE8-8A42-A6302D036FF8}.Debug|Any CPU.Build.0 = Debug|Any CPU
		{0F4CBEA2-D2A8-4AE8-8A42-A6302D036FF8}.Release|Any CPU.ActiveCfg = Release|Any CPU
		{0F4CBEA2-D2A8-4AE8-8A42-A6302D036FF8}.Release|Any CPU.Build.0 = Release|Any CPU
		{11BAA767-3C8F-46C8-AD15-EBDDB5F29F24}.Debug|Any CPU.ActiveCfg = Debug|Any CPU
		{11BAA767-3C8F-46C8-AD15-EBDDB5F29F24}.Debug|Any CPU.Build.0 = Debug|Any CPU
		{11BAA767-3C8F-46C8-AD15-EBDDB5F29F24}.Release|Any CPU.ActiveCfg = Release|Any CPU
		{11BAA767-3C8F-46C8-AD15-EBDDB5F29F24}.Release|Any CPU.Build.0 = Release|Any CPU
		{951A278C-AD4F-42E3-B1BC-C2E56B0D11D2}.Debug|Any CPU.ActiveCfg = Debug|Any CPU
		{951A278C-AD4F-42E3-B1BC-C2E56B0D11D2}.Debug|Any CPU.Build.0 = Debug|Any CPU
		{951A278C-AD4F-42E3-B1BC-C2E56B0D11D2}.Release|Any CPU.ActiveCfg = Release|Any CPU
		{951A278C-AD4F-42E3-B1BC-C2E56B0D11D2}.Release|Any CPU.Build.0 = Release|Any CPU
		{F8C93288-8276-4366-A165-AB2B8A467EA1}.Debug|Any CPU.ActiveCfg = Debug|Any CPU
		{F8C93288-8276-4366-A165-AB2B8A467EA1}.Debug|Any CPU.Build.0 = Debug|Any CPU
		{F8C93288-8276-4366-A165-AB2B8A467EA1}.Release|Any CPU.ActiveCfg = Release|Any CPU
		{F8C93288-8276-4366-A165-AB2B8A467EA1}.Release|Any CPU.Build.0 = Release|Any CPU
	EndGlobalSection
	GlobalSection(SolutionProperties) = preSolution
		HideSolutionNode = FALSE
	EndGlobalSection
EndGlobal
