
Microsoft Visual Studio Solution File, Format Version 11.00
# Visual Studio 2010
Project("{FAE04EC0-301F-11D3-BF4B-00C04F79EFBC}") = "openSourceC.FrameworkLibrary.Common", "openSourceC.FrameworkLibrary.Common\openSourceC.FrameworkLibrary.Common.csproj", "{D5E60952-0F68-4676-A3B5-7BE1E61653E8}"
EndProject
Project("{FAE04EC0-301F-11D3-BF4B-00C04F79EFBC}") = "openSourceC.FrameworkLibrary.Data", "openSourceC.FrameworkLibrary.Data\openSourceC.FrameworkLibrary.Data.csproj", "{0F4CBEA2-D2A8-4AE8-8A42-A6302D036FF8}"
EndProject
Project("{FAE04EC0-301F-11D3-BF4B-00C04F79EFBC}") = "openSourceC.FrameworkLibrary.Design", "openSourceC.FrameworkLibrary.Design\openSourceC.FrameworkLibrary.Design.csproj", "{11BAA767-3C8F-46C8-AD15-EBDDB5F29F24}"
EndProject
Project("{FAE04EC0-301F-11D3-BF4B-00C04F79EFBC}") = "openSourceC.FrameworkLibrary.Web", "openSourceC.FrameworkLibrary.Web\openSourceC.FrameworkLibrary.Web.csproj", "{951A278C-AD4F-42E3-B1BC-C2E56B0D11D2}"
	ProjectSection(ProjectDependencies) = postProject
		{0F4CBEA2-D2A8-4AE8-8A42-A6302D036FF8} = {0F4CBEA2-D2A8-4AE8-8A42-A6302D036FF8}
	EndProjectSection
EndProject
Project("{FAE04EC0-301F-11D3-BF4B-00C04F79EFBC}") = "TestApplication (Web Design View)", "TestApplication (Web Design View)\TestApplication (Web Design View).csproj", "{AB33AE58-9273-48E5-8CBF-2EE0B6BC2224}"
EndProject
Global
	GlobalSection(TeamFoundationVersionControl) = preSolution
		SccNumberOfProjects = 6
		SccEnterpriseProvider = {4CA58AB2-18FA-4F8D-95D4-32DDF27D184C}
		SccTeamFoundationServer = https://tfs.codeplex.com/tfs/tfs33
		SccProjectUniqueName0 = openSourceC.FrameworkLibrary.Common\\openSourceC.FrameworkLibrary.Common.csproj
		SccProjectName0 = openSourceC.FrameworkLibrary.Common
		SccLocalPath0 = openSourceC.FrameworkLibrary.Common
		SccProjectUniqueName1 = openSourceC.FrameworkLibrary.Data\\openSourceC.FrameworkLibrary.Data.csproj
		SccProjectName1 = openSourceC.FrameworkLibrary.Data
		SccLocalPath1 = openSourceC.FrameworkLibrary.Data
		SccProjectUniqueName2 = openSourceC.FrameworkLibrary.Design\\openSourceC.FrameworkLibrary.Design.csproj
		SccProjectName2 = openSourceC.FrameworkLibrary.Design
		SccLocalPath2 = openSourceC.FrameworkLibrary.Design
		SccProjectUniqueName3 = openSourceC.FrameworkLibrary.Web\\openSourceC.FrameworkLibrary.Web.csproj
		SccProjectName3 = openSourceC.FrameworkLibrary.Web
		SccLocalPath3 = openSourceC.FrameworkLibrary.Web
		SccLocalPath4 = .
		SccProjectUniqueName5 = TestApplication\u0020(Web\u0020Design\u0020View)\\TestApplication\u0020(Web\u0020Design\u0020View).csproj
		SccProjectName5 = TestApplication\u0020(Web\u0020Design\u0020View)
		SccLocalPath5 = TestApplication\u0020(Web\u0020Design\u0020View)
	EndGlobalSection
	GlobalSection(TestCaseManagementSettings) = postSolution
		CategoryFile = openSourceC.FrameworkLibrary.Common.vsmdi
	EndGlobalSection
	GlobalSection(SolutionConfigurationPlatforms) = preSolution
		Debug|Any CPU = Debug|Any CPU
		Release|Any CPU = Release|Any CPU
	EndGlobalSection
	GlobalSection(ProjectConfigurationPlatforms) = postSolution
		{D5E60952-0F68-4676-A3B5-7BE1E61653E8}.Debug|Any CPU.ActiveCfg = Debug|Any CPU
		{D5E60952-0F68-4676-A3B5-7BE1E61653E8}.Debug|Any CPU.Build.0 = Debug|Any CPU
		{D5E60952-0F68-4676-A3B5-7BE1E61653E8}.Release|Any CPU.ActiveCfg = Release|Any CPU
		{D5E60952-0F68-4676-A3B5-7BE1E61653E8}.Release|Any CPU.Build.0 = Release|Any CPU
		{0F4CBEA2-D2A8-4AE8-8A42-A6302D036FF8}.Debug|Any CPU.ActiveCfg = Debug|Any CPU
		{0F4CBEA2-D2A8-4AE8-8A42-A6302D036FF8}.Debug|Any CPU.Build.0 = Debug|Any CPU
		{0F4CBEA2-D2A8-4AE8-8A42-A6302D036FF8}.Release|Any CPU.ActiveCfg = Release|Any CPU
		{0F4CBEA2-D2A8-4AE8-8A42-A6302D036FF8}.Release|Any CPU.Build.0 = Release|Any CPU
		{11BAA767-3C8F-46C8-AD15-EBDDB5F29F24}.Debug|Any CPU.ActiveCfg = Debug|Any CPU
		{11BAA767-3C8F-46C8-AD15-EBDDB5F29F24}.Debug|Any CPU.Build.0 = Debug|Any CPU
		{11BAA767-3C8F-46C8-AD15-EBDDB5F29F24}.Release|Any CPU.ActiveCfg = Release|Any CPU
		{11BAA767-3C8F-46C8-AD15-EBDDB5F29F24}.Release|Any CPU.Build.0 = Release|Any CPU
		{951A278C-AD4F-42E3-B1BC-C2E56B0D11D2}.Debug|Any CPU.ActiveCfg = Debug|Any CPU
		{951A278C-AD4F-42E3-B1BC-C2E56B0D11D2}.Debug|Any CPU.Build.0 = Debug|Any CPU
		{951A278C-AD4F-42E3-B1BC-C2E56B0D11D2}.Release|Any CPU.ActiveCfg = Release|Any CPU
		{951A278C-AD4F-42E3-B1BC-C2E56B0D11D2}.Release|Any CPU.Build.0 = Release|Any CPU
		{AB33AE58-9273-48E5-8CBF-2EE0B6BC2224}.Debug|Any CPU.ActiveCfg = Debug|Any CPU
		{AB33AE58-9273-48E5-8CBF-2EE0B6BC2224}.Debug|Any CPU.Build.0 = Debug|Any CPU
		{AB33AE58-9273-48E5-8CBF-2EE0B6BC2224}.Release|Any CPU.ActiveCfg = Release|Any CPU
		{AB33AE58-9273-48E5-8CBF-2EE0B6BC2224}.Release|Any CPU.Build.0 = Release|Any CPU
	EndGlobalSection
	GlobalSection(SolutionProperties) = preSolution
		HideSolutionNode = FALSE
	EndGlobalSection
EndGlobal
